
Microsoft Visual Studio Solution File, Format Version 12.00
# Visual Studio Version 16
VisualStudioVersion = 16.0.29209.62
MinimumVisualStudioVersion = 10.0.40219.1
Project("{2150E333-8FDC-42A3-9474-1A3956D46DE8}") = "src", "src", "{4664B4BD-BA04-48AF-A5F5-BE12709B2256}"
EndProject
Project("{9A19103F-16F7-4668-BE54-9A1E7A4F7556}") = "ENode.EventStore.MongoDb", "src\ENode.EventStore.MongoDb\ENode.EventStore.MongoDb.csproj", "{03A78AE7-24D3-426E-A474-9C051A530465}"
EndProject
Project("{9A19103F-16F7-4668-BE54-9A1E7A4F7556}") = "ENode.Lock.Redis", "src\ENode.Lock.Redis\ENode.Lock.Redis.csproj", "{5BA46B22-D59E-481C-8FAD-E9DA0EC0BA95}"
EndProject
Project("{2150E333-8FDC-42A3-9474-1A3956D46DE8}") = "test", "test", "{2CEA6BC3-17A4-4E38-8403-8C0C866AF9E4}"
EndProject
Project("{9A19103F-16F7-4668-BE54-9A1E7A4F7556}") = "ENode.EventStore.MongoDb.Tests", "test\ENode.EventStore.MongoDb.Tests\ENode.EventStore.MongoDb.Tests.csproj", "{B1FD28C7-1F13-4817-ACC0-649A7B65A276}"
EndProject
Project("{9A19103F-16F7-4668-BE54-9A1E7A4F7556}") = "ENode.Lock.Redis.Tests", "test\ENode.Lock.Redis.Tests\ENode.Lock.Redis.Tests.csproj", "{7CE1505E-B366-4AB7-AF0D-91D975D9B586}"
EndProject
Project("{9A19103F-16F7-4668-BE54-9A1E7A4F7556}") = "TestConsole", "test\TestConsole\TestConsole.csproj", "{75134C1C-F943-4FCF-BD86-E436E1651E19}"
EndProject
Project("{9A19103F-16F7-4668-BE54-9A1E7A4F7556}") = "ENode.Kafka", "src\ENode.Kafka\ENode.Kafka.csproj", "{33BEB292-6702-4A64-A642-42E729F53882}"
EndProject
Project("{9A19103F-16F7-4668-BE54-9A1E7A4F7556}") = "ENode.Kafka.Tests", "test\ENode.Kafka.Tests\ENode.Kafka.Tests.csproj", "{FAC37B31-26FB-4C6B-AFC5-DF77F62BCDB0}"
EndProject
Project("{9A19103F-16F7-4668-BE54-9A1E7A4F7556}") = "ENode.Store.MongoDb", "src\ENode.Store.MongoDb\ENode.Store.MongoDb.csproj", "{12307B70-2E9D-4762-8102-4AB008134D19}"
EndProject
Project("{9A19103F-16F7-4668-BE54-9A1E7A4F7556}") = "ENode.AggregateSnapshot.MongoDb", "src\ENode.AggregateSnapshot.MongoDb\ENode.AggregateSnapshot.MongoDb.csproj", "{8968FC22-049D-4CF0-B57B-B19322BA804E}"
EndProject
Project("{9A19103F-16F7-4668-BE54-9A1E7A4F7556}") = "ENode.AggregateSnapshot.MongoDb.Tests", "test\ENode.AggregateSnapshot.MongoDb.Tests\ENode.AggregateSnapshot.MongoDb.Tests.csproj", "{2B7CA2DE-E70B-484A-A58C-4175167C8E3D}"
EndProject
Project("{9A19103F-16F7-4668-BE54-9A1E7A4F7556}") = "ENode.AggregateSnapshot.MySql", "src\ENode.AggregateSnapshot.MySql\ENode.AggregateSnapshot.MySql.csproj", "{52F471EA-D3BE-47B3-9FBE-E2E06D7522FE}"
EndProject
Project("{9A19103F-16F7-4668-BE54-9A1E7A4F7556}") = "ENode.AggregateSnapshot", "src\ENode.AggregateSnapshot\ENode.AggregateSnapshot.csproj", "{BD22C073-4B06-4CF8-A5B2-F66A3A8E0BFF}"
EndProject
Project("{9A19103F-16F7-4668-BE54-9A1E7A4F7556}") = "ENode.AggregateSnapshot.MySql.Tests", "test\ENode.AggregateSnapshot.MySql.Tests\ENode.AggregateSnapshot.MySql.Tests.csproj", "{90743633-80DC-4F32-BC86-09090374325A}"
EndProject
Project("{FAE04EC0-301F-11D3-BF4B-00C04F79EFBC}") = "ENode.EventStore.MongoDb.Performance.Tests", "test\ENode.EventStore.MongoDb.Performance.Tests\ENode.EventStore.MongoDb.Performance.Tests.csproj", "{562F5C0D-4409-4623-9F98-5C3DBC10B290}"
EndProject
Global
	GlobalSection(SolutionConfigurationPlatforms) = preSolution
		Debug|Any CPU = Debug|Any CPU
		Release|Any CPU = Release|Any CPU
	EndGlobalSection
	GlobalSection(ProjectConfigurationPlatforms) = postSolution
		{03A78AE7-24D3-426E-A474-9C051A530465}.Debug|Any CPU.ActiveCfg = Debug|Any CPU
		{03A78AE7-24D3-426E-A474-9C051A530465}.Debug|Any CPU.Build.0 = Debug|Any CPU
		{03A78AE7-24D3-426E-A474-9C051A530465}.Release|Any CPU.ActiveCfg = Release|Any CPU
		{03A78AE7-24D3-426E-A474-9C051A530465}.Release|Any CPU.Build.0 = Release|Any CPU
		{5BA46B22-D59E-481C-8FAD-E9DA0EC0BA95}.Debug|Any CPU.ActiveCfg = Debug|Any CPU
		{5BA46B22-D59E-481C-8FAD-E9DA0EC0BA95}.Debug|Any CPU.Build.0 = Debug|Any CPU
		{5BA46B22-D59E-481C-8FAD-E9DA0EC0BA95}.Release|Any CPU.ActiveCfg = Release|Any CPU
		{5BA46B22-D59E-481C-8FAD-E9DA0EC0BA95}.Release|Any CPU.Build.0 = Release|Any CPU
		{B1FD28C7-1F13-4817-ACC0-649A7B65A276}.Debug|Any CPU.ActiveCfg = Debug|Any CPU
		{B1FD28C7-1F13-4817-ACC0-649A7B65A276}.Debug|Any CPU.Build.0 = Debug|Any CPU
		{B1FD28C7-1F13-4817-ACC0-649A7B65A276}.Release|Any CPU.ActiveCfg = Release|Any CPU
		{B1FD28C7-1F13-4817-ACC0-649A7B65A276}.Release|Any CPU.Build.0 = Release|Any CPU
		{7CE1505E-B366-4AB7-AF0D-91D975D9B586}.Debug|Any CPU.ActiveCfg = Debug|Any CPU
		{7CE1505E-B366-4AB7-AF0D-91D975D9B586}.Debug|Any CPU.Build.0 = Debug|Any CPU
		{7CE1505E-B366-4AB7-AF0D-91D975D9B586}.Release|Any CPU.ActiveCfg = Release|Any CPU
		{7CE1505E-B366-4AB7-AF0D-91D975D9B586}.Release|Any CPU.Build.0 = Release|Any CPU
		{75134C1C-F943-4FCF-BD86-E436E1651E19}.Debug|Any CPU.ActiveCfg = Debug|Any CPU
		{75134C1C-F943-4FCF-BD86-E436E1651E19}.Debug|Any CPU.Build.0 = Debug|Any CPU
		{75134C1C-F943-4FCF-BD86-E436E1651E19}.Release|Any CPU.ActiveCfg = Release|Any CPU
		{75134C1C-F943-4FCF-BD86-E436E1651E19}.Release|Any CPU.Build.0 = Release|Any CPU
		{33BEB292-6702-4A64-A642-42E729F53882}.Debug|Any CPU.ActiveCfg = Debug|Any CPU
		{33BEB292-6702-4A64-A642-42E729F53882}.Debug|Any CPU.Build.0 = Debug|Any CPU
		{33BEB292-6702-4A64-A642-42E729F53882}.Release|Any CPU.ActiveCfg = Release|Any CPU
		{33BEB292-6702-4A64-A642-42E729F53882}.Release|Any CPU.Build.0 = Release|Any CPU
		{FAC37B31-26FB-4C6B-AFC5-DF77F62BCDB0}.Debug|Any CPU.ActiveCfg = Debug|Any CPU
		{FAC37B31-26FB-4C6B-AFC5-DF77F62BCDB0}.Debug|Any CPU.Build.0 = Debug|Any CPU
		{FAC37B31-26FB-4C6B-AFC5-DF77F62BCDB0}.Release|Any CPU.ActiveCfg = Release|Any CPU
		{FAC37B31-26FB-4C6B-AFC5-DF77F62BCDB0}.Release|Any CPU.Build.0 = Release|Any CPU
		{12307B70-2E9D-4762-8102-4AB008134D19}.Debug|Any CPU.ActiveCfg = Debug|Any CPU
		{12307B70-2E9D-4762-8102-4AB008134D19}.Debug|Any CPU.Build.0 = Debug|Any CPU
		{12307B70-2E9D-4762-8102-4AB008134D19}.Release|Any CPU.ActiveCfg = Release|Any CPU
		{12307B70-2E9D-4762-8102-4AB008134D19}.Release|Any CPU.Build.0 = Release|Any CPU
		{8968FC22-049D-4CF0-B57B-B19322BA804E}.Debug|Any CPU.ActiveCfg = Debug|Any CPU
		{8968FC22-049D-4CF0-B57B-B19322BA804E}.Debug|Any CPU.Build.0 = Debug|Any CPU
		{8968FC22-049D-4CF0-B57B-B19322BA804E}.Release|Any CPU.ActiveCfg = Release|Any CPU
		{8968FC22-049D-4CF0-B57B-B19322BA804E}.Release|Any CPU.Build.0 = Release|Any CPU
		{2B7CA2DE-E70B-484A-A58C-4175167C8E3D}.Debug|Any CPU.ActiveCfg = Debug|Any CPU
		{2B7CA2DE-E70B-484A-A58C-4175167C8E3D}.Debug|Any CPU.Build.0 = Debug|Any CPU
		{2B7CA2DE-E70B-484A-A58C-4175167C8E3D}.Release|Any CPU.ActiveCfg = Release|Any CPU
		{2B7CA2DE-E70B-484A-A58C-4175167C8E3D}.Release|Any CPU.Build.0 = Release|Any CPU
		{52F471EA-D3BE-47B3-9FBE-E2E06D7522FE}.Debug|Any CPU.ActiveCfg = Debug|Any CPU
		{52F471EA-D3BE-47B3-9FBE-E2E06D7522FE}.Debug|Any CPU.Build.0 = Debug|Any CPU
		{52F471EA-D3BE-47B3-9FBE-E2E06D7522FE}.Release|Any CPU.ActiveCfg = Release|Any CPU
		{52F471EA-D3BE-47B3-9FBE-E2E06D7522FE}.Release|Any CPU.Build.0 = Release|Any CPU
		{BD22C073-4B06-4CF8-A5B2-F66A3A8E0BFF}.Debug|Any CPU.ActiveCfg = Debug|Any CPU
		{BD22C073-4B06-4CF8-A5B2-F66A3A8E0BFF}.Debug|Any CPU.Build.0 = Debug|Any CPU
		{BD22C073-4B06-4CF8-A5B2-F66A3A8E0BFF}.Release|Any CPU.ActiveCfg = Release|Any CPU
		{BD22C073-4B06-4CF8-A5B2-F66A3A8E0BFF}.Release|Any CPU.Build.0 = Release|Any CPU
		{90743633-80DC-4F32-BC86-09090374325A}.Debug|Any CPU.ActiveCfg = Debug|Any CPU
		{90743633-80DC-4F32-BC86-09090374325A}.Debug|Any CPU.Build.0 = Debug|Any CPU
		{90743633-80DC-4F32-BC86-09090374325A}.Release|Any CPU.ActiveCfg = Release|Any CPU
		{90743633-80DC-4F32-BC86-09090374325A}.Release|Any CPU.Build.0 = Release|Any CPU
		{562F5C0D-4409-4623-9F98-5C3DBC10B290}.Debug|Any CPU.ActiveCfg = Debug|Any CPU
		{562F5C0D-4409-4623-9F98-5C3DBC10B290}.Debug|Any CPU.Build.0 = Debug|Any CPU
		{562F5C0D-4409-4623-9F98-5C3DBC10B290}.Release|Any CPU.ActiveCfg = Release|Any CPU
		{562F5C0D-4409-4623-9F98-5C3DBC10B290}.Release|Any CPU.Build.0 = Release|Any CPU
	EndGlobalSection
	GlobalSection(SolutionProperties) = preSolution
		HideSolutionNode = FALSE
	EndGlobalSection
	GlobalSection(NestedProjects) = preSolution
		{03A78AE7-24D3-426E-A474-9C051A530465} = {4664B4BD-BA04-48AF-A5F5-BE12709B2256}
		{5BA46B22-D59E-481C-8FAD-E9DA0EC0BA95} = {4664B4BD-BA04-48AF-A5F5-BE12709B2256}
		{B1FD28C7-1F13-4817-ACC0-649A7B65A276} = {2CEA6BC3-17A4-4E38-8403-8C0C866AF9E4}
		{7CE1505E-B366-4AB7-AF0D-91D975D9B586} = {2CEA6BC3-17A4-4E38-8403-8C0C866AF9E4}
		{75134C1C-F943-4FCF-BD86-E436E1651E19} = {2CEA6BC3-17A4-4E38-8403-8C0C866AF9E4}
		{33BEB292-6702-4A64-A642-42E729F53882} = {4664B4BD-BA04-48AF-A5F5-BE12709B2256}
		{FAC37B31-26FB-4C6B-AFC5-DF77F62BCDB0} = {2CEA6BC3-17A4-4E38-8403-8C0C866AF9E4}
		{12307B70-2E9D-4762-8102-4AB008134D19} = {4664B4BD-BA04-48AF-A5F5-BE12709B2256}
		{8968FC22-049D-4CF0-B57B-B19322BA804E} = {4664B4BD-BA04-48AF-A5F5-BE12709B2256}
		{2B7CA2DE-E70B-484A-A58C-4175167C8E3D} = {2CEA6BC3-17A4-4E38-8403-8C0C866AF9E4}
		{52F471EA-D3BE-47B3-9FBE-E2E06D7522FE} = {4664B4BD-BA04-48AF-A5F5-BE12709B2256}
		{BD22C073-4B06-4CF8-A5B2-F66A3A8E0BFF} = {4664B4BD-BA04-48AF-A5F5-BE12709B2256}
		{90743633-80DC-4F32-BC86-09090374325A} = {2CEA6BC3-17A4-4E38-8403-8C0C866AF9E4}
		{562F5C0D-4409-4623-9F98-5C3DBC10B290} = {2CEA6BC3-17A4-4E38-8403-8C0C866AF9E4}
	EndGlobalSection
	GlobalSection(ExtensibilityGlobals) = postSolution
		SolutionGuid = {5674F7FB-D3F7-43F3-B00F-B514DBF892D5}
	EndGlobalSection
EndGlobal
